
Microsoft Visual Studio Solution File, Format Version 12.00
# Visual Studio 15
VisualStudioVersion = 15.0.28307.1000
MinimumVisualStudioVersion = 10.0.40219.1
Project("{FAE04EC0-301F-11D3-BF4B-00C04F79EFBC}") = "ODataTest2017", "ODataTest2017\ODataTest2017.csproj", "{79E523DD-C4D4-435A-99F5-51D3A023A0A8}"
EndProject
Project("{FAE04EC0-301F-11D3-BF4B-00C04F79EFBC}") = "ProductsApp", "ProductsApp\ProductsApp.csproj", "{2B214C06-0DE3-40F8-A707-0FBF42C4ACB2}"
EndProject
Global
	GlobalSection(SolutionConfigurationPlatforms) = preSolution
		Debug|Any CPU = Debug|Any CPU
		Release|Any CPU = Release|Any CPU
	EndGlobalSection
	GlobalSection(ProjectConfigurationPlatforms) = postSolution
		{79E523DD-C4D4-435A-99F5-51D3A023A0A8}.Debug|Any CPU.ActiveCfg = Debug|Any CPU
		{79E523DD-C4D4-435A-99F5-51D3A023A0A8}.Debug|Any CPU.Build.0 = Debug|Any CPU
		{79E523DD-C4D4-435A-99F5-51D3A023A0A8}.Release|Any CPU.ActiveCfg = Release|Any CPU
		{79E523DD-C4D4-435A-99F5-51D3A023A0A8}.Release|Any CPU.Build.0 = Release|Any CPU
		{2B214C06-0DE3-40F8-A707-0FBF42C4ACB2}.Debug|Any CPU.ActiveCfg = Debug|Any CPU
		{2B214C06-0DE3-40F8-A707-0FBF42C4ACB2}.Debug|Any CPU.Build.0 = Debug|Any CPU
		{2B214C06-0DE3-40F8-A707-0FBF42C4ACB2}.Release|Any CPU.ActiveCfg = Release|Any CPU
		{2B214C06-0DE3-40F8-A707-0FBF42C4ACB2}.Release|Any CPU.Build.0 = Release|Any CPU
	EndGlobalSection
	GlobalSection(SolutionProperties) = preSolution
		HideSolutionNode = FALSE
	EndGlobalSection
	GlobalSection(ExtensibilityGlobals) = postSolution
		SolutionGuid = {0DD4641D-2C49-4542-BC57-D7066AF5AD25}
	EndGlobalSection
EndGlobal
